
Microsoft Visual Studio Solution File, Format Version 12.00
# Visual Studio Version 16
VisualStudioVersion = 16.0.30717.126
MinimumVisualStudioVersion = 10.0.40219.1
Project("{FAE04EC0-301F-11D3-BF4B-00C04F79EFBC}") = "Makuch", "Makuch\Makuch.csproj", "{D89EB701-F550-4A01-9B5B-745E5F5FD035}"
EndProject
Global
	GlobalSection(SolutionConfigurationPlatforms) = preSolution
		Debug|Any CPU = Debug|Any CPU
		Release|Any CPU = Release|Any CPU
	EndGlobalSection
	GlobalSection(ProjectConfigurationPlatforms) = postSolution
		{D89EB701-F550-4A01-9B5B-745E5F5FD035}.Debug|Any CPU.ActiveCfg = Debug|Any CPU
		{D89EB701-F550-4A01-9B5B-745E5F5FD035}.Debug|Any CPU.Build.0 = Debug|Any CPU
		{D89EB701-F550-4A01-9B5B-745E5F5FD035}.Release|Any CPU.ActiveCfg = Release|Any CPU
		{D89EB701-F550-4A01-9B5B-745E5F5FD035}.Release|Any CPU.Build.0 = Release|Any CPU
	EndGlobalSection
	GlobalSection(SolutionProperties) = preSolution
		HideSolutionNode = FALSE
	EndGlobalSection
	GlobalSection(ExtensibilityGlobals) = postSolution
		SolutionGuid = {56A87B1D-07E7-447E-BDC0-8B4796363913}
	EndGlobalSection
EndGlobal
